
Microsoft Visual Studio Solution File, Format Version 12.00
# Visual Studio Version 17
VisualStudioVersion = 17.5.2.0
MinimumVisualStudioVersion = 10.0.40219.1
Project("{2150E333-8FDC-42A3-9474-1A3956D46DE8}") = "Database Scripts", "Database Scripts", "{6F4F8315-393B-877D-54BD-C520B6D3531B}"
EndProject
Project("{FAE04EC0-301F-11D3-BF4B-00C04F79EFBC}") = "GenerateHashApp", "Database Scripts\GenerateHashApp\GenerateHashApp.csproj", "{741F30AB-3E43-3FB4-60D7-CF35F883D67D}"
EndProject
Project("{2150E333-8FDC-42A3-9474-1A3956D46DE8}") = "GenerateHashApp (1)", "GenerateHashApp (1)", "{3B97BBB8-CA80-91C8-1700-5B741A9C313E}"
EndProject
Project("{FAE04EC0-301F-11D3-BF4B-00C04F79EFBC}") = "OrderService", "Database Scripts\GenerateHashApp\OrderService\OrderService.csproj", "{756D6579-3B9A-E7E1-4143-D374230D4C1D}"
EndProject
Project("{2150E333-8FDC-42A3-9474-1A3956D46DE8}") = "Services", "Services", "{5854FF58-B8C5-05C6-5BF2-ACE42193F22B}"
EndProject
Project("{FAE04EC0-301F-11D3-BF4B-00C04F79EFBC}") = "UnifiedService", "Services\UnifiedService\UnifiedService.csproj", "{27CCF7CB-3F0E-4A1B-93C7-BD9DA7736AEF}"
EndProject
Global
	GlobalSection(SolutionConfigurationPlatforms) = preSolution
		Debug|Any CPU = Debug|Any CPU
		Debug|x64 = Debug|x64
		Debug|x86 = Debug|x86
		Release|Any CPU = Release|Any CPU
		Release|x64 = Release|x64
		Release|x86 = Release|x86
	EndGlobalSection
	GlobalSection(ProjectConfigurationPlatforms) = postSolution
		{741F30AB-3E43-3FB4-60D7-CF35F883D67D}.Debug|Any CPU.ActiveCfg = Debug|Any CPU
		{741F30AB-3E43-3FB4-60D7-CF35F883D67D}.Debug|Any CPU.Build.0 = Debug|Any CPU
		{741F30AB-3E43-3FB4-60D7-CF35F883D67D}.Debug|x64.ActiveCfg = Debug|Any CPU
		{741F30AB-3E43-3FB4-60D7-CF35F883D67D}.Debug|x64.Build.0 = Debug|Any CPU
		{741F30AB-3E43-3FB4-60D7-CF35F883D67D}.Debug|x86.ActiveCfg = Debug|Any CPU
		{741F30AB-3E43-3FB4-60D7-CF35F883D67D}.Debug|x86.Build.0 = Debug|Any CPU
		{741F30AB-3E43-3FB4-60D7-CF35F883D67D}.Release|Any CPU.ActiveCfg = Release|Any CPU
		{741F30AB-3E43-3FB4-60D7-CF35F883D67D}.Release|Any CPU.Build.0 = Release|Any CPU
		{741F30AB-3E43-3FB4-60D7-CF35F883D67D}.Release|x64.ActiveCfg = Release|Any CPU
		{741F30AB-3E43-3FB4-60D7-CF35F883D67D}.Release|x64.Build.0 = Release|Any CPU
		{741F30AB-3E43-3FB4-60D7-CF35F883D67D}.Release|x86.ActiveCfg = Release|Any CPU
		{741F30AB-3E43-3FB4-60D7-CF35F883D67D}.Release|x86.Build.0 = Release|Any CPU
		{756D6579-3B9A-E7E1-4143-D374230D4C1D}.Debug|Any CPU.ActiveCfg = Debug|Any CPU
		{756D6579-3B9A-E7E1-4143-D374230D4C1D}.Debug|Any CPU.Build.0 = Debug|Any CPU
		{756D6579-3B9A-E7E1-4143-D374230D4C1D}.Debug|x64.ActiveCfg = Debug|Any CPU
		{756D6579-3B9A-E7E1-4143-D374230D4C1D}.Debug|x64.Build.0 = Debug|Any CPU
		{756D6579-3B9A-E7E1-4143-D374230D4C1D}.Debug|x86.ActiveCfg = Debug|Any CPU
		{756D6579-3B9A-E7E1-4143-D374230D4C1D}.Debug|x86.Build.0 = Debug|Any CPU
		{756D6579-3B9A-E7E1-4143-D374230D4C1D}.Release|Any CPU.ActiveCfg = Release|Any CPU
		{756D6579-3B9A-E7E1-4143-D374230D4C1D}.Release|Any CPU.Build.0 = Release|Any CPU
		{756D6579-3B9A-E7E1-4143-D374230D4C1D}.Release|x64.ActiveCfg = Release|Any CPU
		{756D6579-3B9A-E7E1-4143-D374230D4C1D}.Release|x64.Build.0 = Release|Any CPU
		{756D6579-3B9A-E7E1-4143-D374230D4C1D}.Release|x86.ActiveCfg = Release|Any CPU
		{756D6579-3B9A-E7E1-4143-D374230D4C1D}.Release|x86.Build.0 = Release|Any CPU
		{27CCF7CB-3F0E-4A1B-93C7-BD9DA7736AEF}.Debug|Any CPU.ActiveCfg = Debug|Any CPU
		{27CCF7CB-3F0E-4A1B-93C7-BD9DA7736AEF}.Debug|Any CPU.Build.0 = Debug|Any CPU
		{27CCF7CB-3F0E-4A1B-93C7-BD9DA7736AEF}.Debug|x64.ActiveCfg = Debug|Any CPU
		{27CCF7CB-3F0E-4A1B-93C7-BD9DA7736AEF}.Debug|x64.Build.0 = Debug|Any CPU
		{27CCF7CB-3F0E-4A1B-93C7-BD9DA7736AEF}.Debug|x86.ActiveCfg = Debug|Any CPU
		{27CCF7CB-3F0E-4A1B-93C7-BD9DA7736AEF}.Debug|x86.Build.0 = Debug|Any CPU
		{27CCF7CB-3F0E-4A1B-93C7-BD9DA7736AEF}.Release|Any CPU.ActiveCfg = Release|Any CPU
		{27CCF7CB-3F0E-4A1B-93C7-BD9DA7736AEF}.Release|Any CPU.Build.0 = Release|Any CPU
		{27CCF7CB-3F0E-4A1B-93C7-BD9DA7736AEF}.Release|x64.ActiveCfg = Release|Any CPU
		{27CCF7CB-3F0E-4A1B-93C7-BD9DA7736AEF}.Release|x64.Build.0 = Release|Any CPU
		{27CCF7CB-3F0E-4A1B-93C7-BD9DA7736AEF}.Release|x86.ActiveCfg = Release|Any CPU
		{27CCF7CB-3F0E-4A1B-93C7-BD9DA7736AEF}.Release|x86.Build.0 = Release|Any CPU
	EndGlobalSection
	GlobalSection(SolutionProperties) = preSolution
		HideSolutionNode = FALSE
	EndGlobalSection
	GlobalSection(NestedProjects) = preSolution
		{741F30AB-3E43-3FB4-60D7-CF35F883D67D} = {6F4F8315-393B-877D-54BD-C520B6D3531B}
		{3B97BBB8-CA80-91C8-1700-5B741A9C313E} = {6F4F8315-393B-877D-54BD-C520B6D3531B}
		{756D6579-3B9A-E7E1-4143-D374230D4C1D} = {3B97BBB8-CA80-91C8-1700-5B741A9C313E}
		{27CCF7CB-3F0E-4A1B-93C7-BD9DA7736AEF} = {5854FF58-B8C5-05C6-5BF2-ACE42193F22B}
	EndGlobalSection
	GlobalSection(ExtensibilityGlobals) = postSolution
		SolutionGuid = {E00B71BB-1ADE-4750-87FE-3E4A8DF8E2AD}
	EndGlobalSection
EndGlobal
