Microsoft Visual Studio Solution File, Format Version 12.00
# Visual Studio Version 17
VisualStudioVersion = 17.5.2.0
MinimumVisualStudioVersion = 10.0.40219.1
Project("{FAE04EC0-301F-11D3-BF4B-00C04F79EFBC}") = "DeliveryService", "DeliveryService\DeliveryService.csproj", "{BF234698-D7A1-B308-12FB-B42778905138}"
EndProject
Global
	GlobalSection(SolutionConfigurationPlatforms) = preSolution
		Debug|Any CPU = Debug|Any CPU
		Release|Any CPU = Release|Any CPU
	EndGlobalSection
	GlobalSection(ProjectConfigurationPlatforms) = postSolution
		{BF234698-D7A1-B308-12FB-B42778905138}.Debug|Any CPU.ActiveCfg = Debug|Any CPU
		{BF234698-D7A1-B308-12FB-B42778905138}.Debug|Any CPU.Build.0 = Debug|Any CPU
		{BF234698-D7A1-B308-12FB-B42778905138}.Release|Any CPU.ActiveCfg = Release|Any CPU
		{BF234698-D7A1-B308-12FB-B42778905138}.Release|Any CPU.Build.0 = Release|Any CPU
	EndGlobalSection
	GlobalSection(SolutionProperties) = preSolution
		HideSolutionNode = FALSE
	EndGlobalSection
	GlobalSection(ExtensibilityGlobals) = postSolution
		SolutionGuid = {F24E174A-4BFC-44B2-9646-FD30DD6E1B16}
	EndGlobalSection
EndGlobal
