
Microsoft Visual Studio Solution File, Format Version 12.00
# Visual Studio Version 17
VisualStudioVersion = 17.14.36121.58 d17.14
MinimumVisualStudioVersion = 10.0.40219.1
Project("{FAE04EC0-301F-11D3-BF4B-00C04F79EFBC}") = "FoodDeliverySystem.Auth", "FoodDeliverySystem.Auth.csproj", "{AE96CCA3-37D2-4624-B186-494FE1831547}"
EndProject
Global
	GlobalSection(SolutionConfigurationPlatforms) = preSolution
		Debug|Any CPU = Debug|Any CPU
		Release|Any CPU = Release|Any CPU
	EndGlobalSection
	GlobalSection(ProjectConfigurationPlatforms) = postSolution
		{AE96CCA3-37D2-4624-B186-494FE1831547}.Debug|Any CPU.ActiveCfg = Debug|Any CPU
		{AE96CCA3-37D2-4624-B186-494FE1831547}.Debug|Any CPU.Build.0 = Debug|Any CPU
		{AE96CCA3-37D2-4624-B186-494FE1831547}.Release|Any CPU.ActiveCfg = Release|Any CPU
		{AE96CCA3-37D2-4624-B186-494FE1831547}.Release|Any CPU.Build.0 = Release|Any CPU
	EndGlobalSection
	GlobalSection(SolutionProperties) = preSolution
		HideSolutionNode = FALSE
	EndGlobalSection
	GlobalSection(ExtensibilityGlobals) = postSolution
		SolutionGuid = {C0AE53A2-48B7-4FF4-B741-9981C0B53FAD}
	EndGlobalSection
EndGlobal
